// !$*UTF8*$!
{
	archiveVersion = 1;
	classes = {
	};
	objectVersion = 51;
	objects = {

/* Begin PBXBuildFile section */
		04527A4231C20B41FADC9821 /* Pods_Messenger.framework in Frameworks */ = {isa = PBXBuildFile; fileRef = 7F8EF74662D6FF11554F3491 /* Pods_Messenger.framework */; };
		7666A85626AD3FD1005185FF /* GoogleService-Info.plist in Resources */ = {isa = PBXBuildFile; fileRef = 7666A85526AD3FD1005185FF /* GoogleService-Info.plist */; };
		768ECBB326AF2FDC0033F71C /* DatabaseManager.swift in Sources */ = {isa = PBXBuildFile; fileRef = 768ECBB226AF2FDB0033F71C /* DatabaseManager.swift */; };
		76F381CF26A460C70013259F /* AppDelegate.swift in Sources */ = {isa = PBXBuildFile; fileRef = 76F381CE26A460C70013259F /* AppDelegate.swift */; };
		76F381D126A460C70013259F /* SceneDelegate.swift in Sources */ = {isa = PBXBuildFile; fileRef = 76F381D026A460C70013259F /* SceneDelegate.swift */; };
		76F381D326A460C70013259F /* ConversationsViewController.swift in Sources */ = {isa = PBXBuildFile; fileRef = 76F381D226A460C70013259F /* ConversationsViewController.swift */; };
		76F381D626A460C70013259F /* Main.storyboard in Resources */ = {isa = PBXBuildFile; fileRef = 76F381D426A460C70013259F /* Main.storyboard */; };
		76F381D826A460D00013259F /* Assets.xcassets in Resources */ = {isa = PBXBuildFile; fileRef = 76F381D726A460D00013259F /* Assets.xcassets */; };
		76F381DB26A460D00013259F /* LaunchScreen.storyboard in Resources */ = {isa = PBXBuildFile; fileRef = 76F381D926A460D00013259F /* LaunchScreen.storyboard */; };
		76F381E926A4688D0013259F /* LoginViewController.swift in Sources */ = {isa = PBXBuildFile; fileRef = 76F381E826A4688D0013259F /* LoginViewController.swift */; };
		76F381EB26A468A00013259F /* RegisterViewController.swift in Sources */ = {isa = PBXBuildFile; fileRef = 76F381EA26A468A00013259F /* RegisterViewController.swift */; };
		76F381EE26A468BD0013259F /* PhotoViewerViewController.swift in Sources */ = {isa = PBXBuildFile; fileRef = 76F381ED26A468BD0013259F /* PhotoViewerViewController.swift */; };
		76F381F026A468E10013259F /* VideoPlayerViewController.swift in Sources */ = {isa = PBXBuildFile; fileRef = 76F381EF26A468E10013259F /* VideoPlayerViewController.swift */; };
		76F381F226A469130013259F /* NewConversationViewController.swift in Sources */ = {isa = PBXBuildFile; fileRef = 76F381F126A469130013259F /* NewConversationViewController.swift */; };
		76F381F426A4693D0013259F /* ProfileViewController.swift in Sources */ = {isa = PBXBuildFile; fileRef = 76F381F326A4693D0013259F /* ProfileViewController.swift */; };
		76F381F726A4A6950013259F /* Extensions.swift in Sources */ = {isa = PBXBuildFile; fileRef = 76F381F626A4A6950013259F /* Extensions.swift */; };
/* End PBXBuildFile section */

/* Begin PBXFileReference section */
		7666A85526AD3FD1005185FF /* GoogleService-Info.plist */ = {isa = PBXFileReference; lastKnownFileType = text.plist; path = "GoogleService-Info.plist"; sourceTree = SOURCE_ROOT; };
		768ECBB226AF2FDB0033F71C /* DatabaseManager.swift */ = {isa = PBXFileReference; lastKnownFileType = sourcecode.swift; path = DatabaseManager.swift; sourceTree = "<group>"; };
		76F381CB26A460C70013259F /* Messenger.app */ = {isa = PBXFileReference; explicitFileType = wrapper.application; includeInIndex = 0; path = Messenger.app; sourceTree = BUILT_PRODUCTS_DIR; };
		76F381CE26A460C70013259F /* AppDelegate.swift */ = {isa = PBXFileReference; lastKnownFileType = sourcecode.swift; path = AppDelegate.swift; sourceTree = "<group>"; };
		76F381D026A460C70013259F /* SceneDelegate.swift */ = {isa = PBXFileReference; lastKnownFileType = sourcecode.swift; path = SceneDelegate.swift; sourceTree = "<group>"; };
		76F381D226A460C70013259F /* ConversationsViewController.swift */ = {isa = PBXFileReference; lastKnownFileType = sourcecode.swift; path = ConversationsViewController.swift; sourceTree = "<group>"; };
		76F381D526A460C70013259F /* Base */ = {isa = PBXFileReference; lastKnownFileType = file.storyboard; name = Base; path = Base.lproj/Main.storyboard; sourceTree = "<group>"; };
		76F381D726A460D00013259F /* Assets.xcassets */ = {isa = PBXFileReference; lastKnownFileType = folder.assetcatalog; path = Assets.xcassets; sourceTree = "<group>"; };
		76F381DA26A460D00013259F /* Base */ = {isa = PBXFileReference; lastKnownFileType = file.storyboard; name = Base; path = Base.lproj/LaunchScreen.storyboard; sourceTree = "<group>"; };
		76F381DC26A460D00013259F /* Info.plist */ = {isa = PBXFileReference; lastKnownFileType = text.plist.xml; path = Info.plist; sourceTree = "<group>"; };
		76F381E826A4688D0013259F /* LoginViewController.swift */ = {isa = PBXFileReference; lastKnownFileType = sourcecode.swift; path = LoginViewController.swift; sourceTree = "<group>"; };
		76F381EA26A468A00013259F /* RegisterViewController.swift */ = {isa = PBXFileReference; lastKnownFileType = sourcecode.swift; path = RegisterViewController.swift; sourceTree = "<group>"; };
		76F381ED26A468BD0013259F /* PhotoViewerViewController.swift */ = {isa = PBXFileReference; lastKnownFileType = sourcecode.swift; path = PhotoViewerViewController.swift; sourceTree = "<group>"; };
		76F381EF26A468E10013259F /* VideoPlayerViewController.swift */ = {isa = PBXFileReference; lastKnownFileType = sourcecode.swift; path = VideoPlayerViewController.swift; sourceTree = "<group>"; };
		76F381F126A469130013259F /* NewConversationViewController.swift */ = {isa = PBXFileReference; lastKnownFileType = sourcecode.swift; path = NewConversationViewController.swift; sourceTree = "<group>"; };
		76F381F326A4693D0013259F /* ProfileViewController.swift */ = {isa = PBXFileReference; lastKnownFileType = sourcecode.swift; path = ProfileViewController.swift; sourceTree = "<group>"; };
		76F381F626A4A6950013259F /* Extensions.swift */ = {isa = PBXFileReference; lastKnownFileType = sourcecode.swift; path = Extensions.swift; sourceTree = "<group>"; };
		7F8EF74662D6FF11554F3491 /* Pods_Messenger.framework */ = {isa = PBXFileReference; explicitFileType = wrapper.framework; includeInIndex = 0; path = Pods_Messenger.framework; sourceTree = BUILT_PRODUCTS_DIR; };
		CF7871CC798E62E085CF6687 /* Pods-Messenger.release.xcconfig */ = {isa = PBXFileReference; includeInIndex = 1; lastKnownFileType = text.xcconfig; name = "Pods-Messenger.release.xcconfig"; path = "Target Support Files/Pods-Messenger/Pods-Messenger.release.xcconfig"; sourceTree = "<group>"; };
		D5E0B7A15DA8D90189ED7466 /* Pods-Messenger.debug.xcconfig */ = {isa = PBXFileReference; includeInIndex = 1; lastKnownFileType = text.xcconfig; name = "Pods-Messenger.debug.xcconfig"; path = "Target Support Files/Pods-Messenger/Pods-Messenger.debug.xcconfig"; sourceTree = "<group>"; };
/* End PBXFileReference section */

/* Begin PBXFrameworksBuildPhase section */
		76F381C826A460C70013259F /* Frameworks */ = {
			isa = PBXFrameworksBuildPhase;
			buildActionMask = 2147483647;
			files = (
				04527A4231C20B41FADC9821 /* Pods_Messenger.framework in Frameworks */,
			);
			runOnlyForDeploymentPostprocessing = 0;
		};
/* End PBXFrameworksBuildPhase section */

/* Begin PBXGroup section */
		76F381C226A460C70013259F = {
			isa = PBXGroup;
			children = (
				76F381CD26A460C70013259F /* Messenger */,
				76F381CC26A460C70013259F /* Products */,
				8CAE7699147908B34DFA730B /* Pods */,
				FC4A561387F9828EE13CA669 /* Frameworks */,
			);
			sourceTree = "<group>";
		};
		76F381CC26A460C70013259F /* Products */ = {
			isa = PBXGroup;
			children = (
				76F381CB26A460C70013259F /* Messenger.app */,
			);
			name = Products;
			sourceTree = "<group>";
		};
		76F381CD26A460C70013259F /* Messenger */ = {
			isa = PBXGroup;
			children = (
				7666A85526AD3FD1005185FF /* GoogleService-Info.plist */,
				76F381E626A466E00013259F /* ViewModels */,
				76F381E526A466BD0013259F /* Resources */,
				76F381E426A466B60013259F /* Views */,
				76F381E326A466B00013259F /* Models */,
				76F381E226A466A60013259F /* Controllers */,
				76F381DC26A460D00013259F /* Info.plist */,
			);
			path = Messenger;
			sourceTree = "<group>";
		};
		76F381E226A466A60013259F /* Controllers */ = {
			isa = PBXGroup;
			children = (
				76F381D226A460C70013259F /* ConversationsViewController.swift */,
				76F381F526A46C4D0013259F /* Login */,
				76F381ED26A468BD0013259F /* PhotoViewerViewController.swift */,
				76F381EF26A468E10013259F /* VideoPlayerViewController.swift */,
				76F381F126A469130013259F /* NewConversationViewController.swift */,
				76F381F326A4693D0013259F /* ProfileViewController.swift */,
			);
			path = Controllers;
			sourceTree = "<group>";
		};
		76F381E326A466B00013259F /* Models */ = {
			isa = PBXGroup;
			children = (
			);
			path = Models;
			sourceTree = "<group>";
		};
		76F381E426A466B60013259F /* Views */ = {
			isa = PBXGroup;
			children = (
				76F381E726A467510013259F /* Storyboards */,
				76F381D726A460D00013259F /* Assets.xcassets */,
			);
			path = Views;
			sourceTree = "<group>";
		};
		76F381E526A466BD0013259F /* Resources */ = {
			isa = PBXGroup;
			children = (
				76F381CE26A460C70013259F /* AppDelegate.swift */,
				76F381D026A460C70013259F /* SceneDelegate.swift */,
				76F381F626A4A6950013259F /* Extensions.swift */,
				768ECBB226AF2FDB0033F71C /* DatabaseManager.swift */,
			);
			path = Resources;
			sourceTree = "<group>";
		};
		76F381E626A466E00013259F /* ViewModels */ = {
			isa = PBXGroup;
			children = (
			);
			path = ViewModels;
			sourceTree = "<group>";
		};
		76F381E726A467510013259F /* Storyboards */ = {
			isa = PBXGroup;
			children = (
				76F381D426A460C70013259F /* Main.storyboard */,
				76F381D926A460D00013259F /* LaunchScreen.storyboard */,
			);
			path = Storyboards;
			sourceTree = "<group>";
		};
		76F381F526A46C4D0013259F /* Login */ = {
			isa = PBXGroup;
			children = (
				76F381E826A4688D0013259F /* LoginViewController.swift */,
				76F381EA26A468A00013259F /* RegisterViewController.swift */,
			);
			path = Login;
			sourceTree = "<group>";
		};
		8CAE7699147908B34DFA730B /* Pods */ = {
			isa = PBXGroup;
			children = (
				D5E0B7A15DA8D90189ED7466 /* Pods-Messenger.debug.xcconfig */,
				CF7871CC798E62E085CF6687 /* Pods-Messenger.release.xcconfig */,
			);
			path = Pods;
			sourceTree = "<group>";
		};
		FC4A561387F9828EE13CA669 /* Frameworks */ = {
			isa = PBXGroup;
			children = (
				7F8EF74662D6FF11554F3491 /* Pods_Messenger.framework */,
			);
			name = Frameworks;
			sourceTree = "<group>";
		};
/* End PBXGroup section */

/* Begin PBXNativeTarget section */
		76F381CA26A460C70013259F /* Messenger */ = {
			isa = PBXNativeTarget;
			buildConfigurationList = 76F381DF26A460D00013259F /* Build configuration list for PBXNativeTarget "Messenger" */;
			buildPhases = (
				46CEB14FA39FF5DC22276E60 /* [CP] Check Pods Manifest.lock */,
				76F381C726A460C70013259F /* Sources */,
				76F381C826A460C70013259F /* Frameworks */,
				76F381C926A460C70013259F /* Resources */,
				E932CFDD6562510E1A0D759D /* [CP] Embed Pods Frameworks */,
				F2399A7974D39F5E6B13D994 /* [CP] Copy Pods Resources */,
			);
			buildRules = (
			);
			dependencies = (
			);
			name = Messenger;
			productName = Messenger;
			productReference = 76F381CB26A460C70013259F /* Messenger.app */;
			productType = "com.apple.product-type.application";
		};
/* End PBXNativeTarget section */

/* Begin PBXProject section */
		76F381C326A460C70013259F /* Project object */ = {
			isa = PBXProject;
			attributes = {
				LastSwiftUpdateCheck = 1250;
				LastUpgradeCheck = 1250;
				TargetAttributes = {
					76F381CA26A460C70013259F = {
						CreatedOnToolsVersion = 12.5.1;
					};
				};
			};
			buildConfigurationList = 76F381C626A460C70013259F /* Build configuration list for PBXProject "Messenger" */;
			compatibilityVersion = "Xcode 9.3";
			developmentRegion = en;
			hasScannedForEncodings = 0;
			knownRegions = (
				en,
				Base,
			);
			mainGroup = 76F381C226A460C70013259F;
			productRefGroup = 76F381CC26A460C70013259F /* Products */;
			projectDirPath = "";
			projectRoot = "";
			targets = (
				76F381CA26A460C70013259F /* Messenger */,
			);
		};
/* End PBXProject section */

/* Begin PBXResourcesBuildPhase section */
		76F381C926A460C70013259F /* Resources */ = {
			isa = PBXResourcesBuildPhase;
			buildActionMask = 2147483647;
			files = (
				76F381DB26A460D00013259F /* LaunchScreen.storyboard in Resources */,
				7666A85626AD3FD1005185FF /* GoogleService-Info.plist in Resources */,
				76F381D826A460D00013259F /* Assets.xcassets in Resources */,
				76F381D626A460C70013259F /* Main.storyboard in Resources */,
			);
			runOnlyForDeploymentPostprocessing = 0;
		};
/* End PBXResourcesBuildPhase section */

/* Begin PBXShellScriptBuildPhase section */
		46CEB14FA39FF5DC22276E60 /* [CP] Check Pods Manifest.lock */ = {
			isa = PBXShellScriptBuildPhase;
			buildActionMask = 2147483647;
			files = (
			);
			inputFileListPaths = (
			);
			inputPaths = (
				"${PODS_PODFILE_DIR_PATH}/Podfile.lock",
				"${PODS_ROOT}/Manifest.lock",
			);
			name = "[CP] Check Pods Manifest.lock";
			outputFileListPaths = (
			);
			outputPaths = (
				"$(DERIVED_FILE_DIR)/Pods-Messenger-checkManifestLockResult.txt",
			);
			runOnlyForDeploymentPostprocessing = 0;
			shellPath = /bin/sh;
			shellScript = "diff \"${PODS_PODFILE_DIR_PATH}/Podfile.lock\" \"${PODS_ROOT}/Manifest.lock\" > /dev/null\nif [ $? != 0 ] ; then\n    # print error to STDERR\n    echo \"error: The sandbox is not in sync with the Podfile.lock. Run 'pod install' or update your CocoaPods installation.\" >&2\n    exit 1\nfi\n# This output is used by Xcode 'outputs' to avoid re-running this script phase.\necho \"SUCCESS\" > \"${SCRIPT_OUTPUT_FILE_0}\"\n";
			showEnvVarsInLog = 0;
		};
		E932CFDD6562510E1A0D759D /* [CP] Embed Pods Frameworks */ = {
			isa = PBXShellScriptBuildPhase;
			buildActionMask = 2147483647;
			files = (
			);
			inputFileListPaths = (
				"${PODS_ROOT}/Target Support Files/Pods-Messenger/Pods-Messenger-frameworks-${CONFIGURATION}-input-files.xcfilelist",
			);
			name = "[CP] Embed Pods Frameworks";
			outputFileListPaths = (
				"${PODS_ROOT}/Target Support Files/Pods-Messenger/Pods-Messenger-frameworks-${CONFIGURATION}-output-files.xcfilelist",
			);
			runOnlyForDeploymentPostprocessing = 0;
			shellPath = /bin/sh;
			shellScript = "\"${PODS_ROOT}/Target Support Files/Pods-Messenger/Pods-Messenger-frameworks.sh\"\n";
			showEnvVarsInLog = 0;
		};
		F2399A7974D39F5E6B13D994 /* [CP] Copy Pods Resources */ = {
			isa = PBXShellScriptBuildPhase;
			buildActionMask = 2147483647;
			files = (
			);
			inputFileListPaths = (
				"${PODS_ROOT}/Target Support Files/Pods-Messenger/Pods-Messenger-resources-${CONFIGURATION}-input-files.xcfilelist",
			);
			name = "[CP] Copy Pods Resources";
			outputFileListPaths = (
				"${PODS_ROOT}/Target Support Files/Pods-Messenger/Pods-Messenger-resources-${CONFIGURATION}-output-files.xcfilelist",
			);
			runOnlyForDeploymentPostprocessing = 0;
			shellPath = /bin/sh;
			shellScript = "\"${PODS_ROOT}/Target Support Files/Pods-Messenger/Pods-Messenger-resources.sh\"\n";
			showEnvVarsInLog = 0;
		};
/* End PBXShellScriptBuildPhase section */

/* Begin PBXSourcesBuildPhase section */
		76F381C726A460C70013259F /* Sources */ = {
			isa = PBXSourcesBuildPhase;
			buildActionMask = 2147483647;
			files = (
				76F381E926A4688D0013259F /* LoginViewController.swift in Sources */,
				768ECBB326AF2FDC0033F71C /* DatabaseManager.swift in Sources */,
				76F381EB26A468A00013259F /* RegisterViewController.swift in Sources */,
				76F381F226A469130013259F /* NewConversationViewController.swift in Sources */,
				76F381D326A460C70013259F /* ConversationsViewController.swift in Sources */,
				76F381F026A468E10013259F /* VideoPlayerViewController.swift in Sources */,
				76F381F726A4A6950013259F /* Extensions.swift in Sources */,
				76F381CF26A460C70013259F /* AppDelegate.swift in Sources */,
				76F381F426A4693D0013259F /* ProfileViewController.swift in Sources */,
				76F381D126A460C70013259F /* SceneDelegate.swift in Sources */,
				76F381EE26A468BD0013259F /* PhotoViewerViewController.swift in Sources */,
			);
			runOnlyForDeploymentPostprocessing = 0;
		};
/* End PBXSourcesBuildPhase section */

/* Begin PBXVariantGroup section */
		76F381D426A460C70013259F /* Main.storyboard */ = {
			isa = PBXVariantGroup;
			children = (
				76F381D526A460C70013259F /* Base */,
			);
			name = Main.storyboard;
			sourceTree = "<group>";
		};
		76F381D926A460D00013259F /* LaunchScreen.storyboard */ = {
			isa = PBXVariantGroup;
			children = (
				76F381DA26A460D00013259F /* Base */,
			);
			name = LaunchScreen.storyboard;
			sourceTree = "<group>";
		};
/* End PBXVariantGroup section */

/* Begin XCBuildConfiguration section */
		76F381DD26A460D00013259F /* Debug */ = {
			isa = XCBuildConfiguration;
			buildSettings = {
				ALWAYS_SEARCH_USER_PATHS = NO;
				CLANG_ANALYZER_NONNULL = YES;
				CLANG_ANALYZER_NUMBER_OBJECT_CONVERSION = YES_AGGRESSIVE;
				CLANG_CXX_LANGUAGE_STANDARD = "gnu++14";
				CLANG_CXX_LIBRARY = "libc++";
				CLANG_ENABLE_MODULES = YES;
				CLANG_ENABLE_OBJC_ARC = YES;
				CLANG_ENABLE_OBJC_WEAK = YES;
				CLANG_WARN_BLOCK_CAPTURE_AUTORELEASING = YES;
				CLANG_WARN_BOOL_CONVERSION = YES;
				CLANG_WARN_COMMA = YES;
				CLANG_WARN_CONSTANT_CONVERSION = YES;
				CLANG_WARN_DEPRECATED_OBJC_IMPLEMENTATIONS = YES;
				CLANG_WARN_DIRECT_OBJC_ISA_USAGE = YES_ERROR;
				CLANG_WARN_DOCUMENTATION_COMMENTS = YES;
				CLANG_WARN_EMPTY_BODY = YES;
				CLANG_WARN_ENUM_CONVERSION = YES;
				CLANG_WARN_INFINITE_RECURSION = YES;
				CLANG_WARN_INT_CONVERSION = YES;
				CLANG_WARN_NON_LITERAL_NULL_CONVERSION = YES;
				CLANG_WARN_OBJC_IMPLICIT_RETAIN_SELF = YES;
				CLANG_WARN_OBJC_LITERAL_CONVERSION = YES;
				CLANG_WARN_OBJC_ROOT_CLASS = YES_ERROR;
				CLANG_WARN_QUOTED_INCLUDE_IN_FRAMEWORK_HEADER = YES;
				CLANG_WARN_RANGE_LOOP_ANALYSIS = YES;
				CLANG_WARN_STRICT_PROTOTYPES = YES;
				CLANG_WARN_SUSPICIOUS_MOVE = YES;
				CLANG_WARN_UNGUARDED_AVAILABILITY = YES_AGGRESSIVE;
				CLANG_WARN_UNREACHABLE_CODE = YES;
				CLANG_WARN__DUPLICATE_METHOD_MATCH = YES;
				COPY_PHASE_STRIP = NO;
				DEBUG_INFORMATION_FORMAT = dwarf;
				ENABLE_STRICT_OBJC_MSGSEND = YES;
				ENABLE_TESTABILITY = YES;
				GCC_C_LANGUAGE_STANDARD = gnu11;
				GCC_DYNAMIC_NO_PIC = NO;
				GCC_NO_COMMON_BLOCKS = YES;
				GCC_OPTIMIZATION_LEVEL = 0;
				GCC_PREPROCESSOR_DEFINITIONS = (
					"DEBUG=1",
					"$(inherited)",
				);
				GCC_WARN_64_TO_32_BIT_CONVERSION = YES;
				GCC_WARN_ABOUT_DEPRECATED_FUNCTIONS = YES;
				GCC_WARN_ABOUT_RETURN_TYPE = YES_ERROR;
				GCC_WARN_UNDECLARED_SELECTOR = YES;
				GCC_WARN_UNINITIALIZED_AUTOS = YES_AGGRESSIVE;
				GCC_WARN_UNUSED_FUNCTION = YES;
				GCC_WARN_UNUSED_VARIABLE = YES;
				IPHONEOS_DEPLOYMENT_TARGET = 14.5;
				MTL_ENABLE_DEBUG_INFO = INCLUDE_SOURCE;
				MTL_FAST_MATH = YES;
				ONLY_ACTIVE_ARCH = YES;
				SDKROOT = iphoneos;
				SWIFT_ACTIVE_COMPILATION_CONDITIONS = DEBUG;
				SWIFT_OPTIMIZATION_LEVEL = "-Onone";
			};
			name = Debug;
		};
		76F381DE26A460D00013259F /* Release */ = {
			isa = XCBuildConfiguration;
			buildSettings = {
				ALWAYS_SEARCH_USER_PATHS = NO;
				CLANG_ANALYZER_NONNULL = YES;
				CLANG_ANALYZER_NUMBER_OBJECT_CONVERSION = YES_AGGRESSIVE;
				CLANG_CXX_LANGUAGE_STANDARD = "gnu++14";
				CLANG_CXX_LIBRARY = "libc++";
				CLANG_ENABLE_MODULES = YES;
				CLANG_ENABLE_OBJC_ARC = YES;
				CLANG_ENABLE_OBJC_WEAK = YES;
				CLANG_WARN_BLOCK_CAPTURE_AUTORELEASING = YES;
				CLANG_WARN_BOOL_CONVERSION = YES;
				CLANG_WARN_COMMA = YES;
				CLANG_WARN_CONSTANT_CONVERSION = YES;
				CLANG_WARN_DEPRECATED_OBJC_IMPLEMENTATIONS = YES;
				CLANG_WARN_DIRECT_OBJC_ISA_USAGE = YES_ERROR;
				CLANG_WARN_DOCUMENTATION_COMMENTS = YES;
				CLANG_WARN_EMPTY_BODY = YES;
				CLANG_WARN_ENUM_CONVERSION = YES;
				CLANG_WARN_INFINITE_RECURSION = YES;
				CLANG_WARN_INT_CONVERSION = YES;
				CLANG_WARN_NON_LITERAL_NULL_CONVERSION = YES;
				CLANG_WARN_OBJC_IMPLICIT_RETAIN_SELF = YES;
				CLANG_WARN_OBJC_LITERAL_CONVERSION = YES;
				CLANG_WARN_OBJC_ROOT_CLASS = YES_ERROR;
				CLANG_WARN_QUOTED_INCLUDE_IN_FRAMEWORK_HEADER = YES;
				CLANG_WARN_RANGE_LOOP_ANALYSIS = YES;
				CLANG_WARN_STRICT_PROTOTYPES = YES;
				CLANG_WARN_SUSPICIOUS_MOVE = YES;
				CLANG_WARN_UNGUARDED_AVAILABILITY = YES_AGGRESSIVE;
				CLANG_WARN_UNREACHABLE_CODE = YES;
				CLANG_WARN__DUPLICATE_METHOD_MATCH = YES;
				COPY_PHASE_STRIP = NO;
				DEBUG_INFORMATION_FORMAT = "dwarf-with-dsym";
				ENABLE_NS_ASSERTIONS = NO;
				ENABLE_STRICT_OBJC_MSGSEND = YES;
				GCC_C_LANGUAGE_STANDARD = gnu11;
				GCC_NO_COMMON_BLOCKS = YES;
				GCC_WARN_64_TO_32_BIT_CONVERSION = YES;
				GCC_WARN_ABOUT_DEPRECATED_FUNCTIONS = YES;
				GCC_WARN_ABOUT_RETURN_TYPE = YES_ERROR;
				GCC_WARN_UNDECLARED_SELECTOR = YES;
				GCC_WARN_UNINITIALIZED_AUTOS = YES_AGGRESSIVE;
				GCC_WARN_UNUSED_FUNCTION = YES;
				GCC_WARN_UNUSED_VARIABLE = YES;
				IPHONEOS_DEPLOYMENT_TARGET = 14.5;
				MTL_ENABLE_DEBUG_INFO = NO;
				MTL_FAST_MATH = YES;
				SDKROOT = iphoneos;
				SWIFT_COMPILATION_MODE = wholemodule;
				SWIFT_OPTIMIZATION_LEVEL = "-O";
				VALIDATE_PRODUCT = YES;
			};
			name = Release;
		};
		76F381E026A460D00013259F /* Debug */ = {
			isa = XCBuildConfiguration;
			baseConfigurationReference = D5E0B7A15DA8D90189ED7466 /* Pods-Messenger.debug.xcconfig */;
			buildSettings = {
				ASSETCATALOG_COMPILER_APPICON_NAME = AppIcon;
				ASSETCATALOG_COMPILER_GLOBAL_ACCENT_COLOR_NAME = AccentColor;
				CODE_SIGN_STYLE = Automatic;
				DEVELOPMENT_TEAM = "";
				INFOPLIST_FILE = Messenger/Info.plist;
				LD_RUNPATH_SEARCH_PATHS = (
					"$(inherited)",
					"@executable_path/Frameworks",
				);
				PRODUCT_BUNDLE_IDENTIFIER = akim.people.Messenger;
				PRODUCT_NAME = "$(TARGET_NAME)";
				SWIFT_VERSION = 5.0;
				TARGETED_DEVICE_FAMILY = "1,2";
			};
			name = Debug;
		};
		76F381E126A460D00013259F /* Release */ = {
			isa = XCBuildConfiguration;
			baseConfigurationReference = CF7871CC798E62E085CF6687 /* Pods-Messenger.release.xcconfig */;
			buildSettings = {
				ASSETCATALOG_COMPILER_APPICON_NAME = AppIcon;
				ASSETCATALOG_COMPILER_GLOBAL_ACCENT_COLOR_NAME = AccentColor;
				CODE_SIGN_STYLE = Automatic;
				DEVELOPMENT_TEAM = "";
				INFOPLIST_FILE = Messenger/Info.plist;
				LD_RUNPATH_SEARCH_PATHS = (
					"$(inherited)",
					"@executable_path/Frameworks",
				);
				PRODUCT_BUNDLE_IDENTIFIER = akim.people.Messenger;
				PRODUCT_NAME = "$(TARGET_NAME)";
				SWIFT_VERSION = 5.0;
				TARGETED_DEVICE_FAMILY = "1,2";
			};
			name = Release;
		};
/* End XCBuildConfiguration section */

/* Begin XCConfigurationList section */
		76F381C626A460C70013259F /* Build configuration list for PBXProject "Messenger" */ = {
			isa = XCConfigurationList;
			buildConfigurations = (
				76F381DD26A460D00013259F /* Debug */,
				76F381DE26A460D00013259F /* Release */,
			);
			defaultConfigurationIsVisible = 0;
			defaultConfigurationName = Release;
		};
		76F381DF26A460D00013259F /* Build configuration list for PBXNativeTarget "Messenger" */ = {
			isa = XCConfigurationList;
			buildConfigurations = (
				76F381E026A460D00013259F /* Debug */,
				76F381E126A460D00013259F /* Release */,
			);
			defaultConfigurationIsVisible = 0;
			defaultConfigurationName = Release;
		};
/* End XCConfigurationList section */
	};
	rootObject = 76F381C326A460C70013259F /* Project object */;
}
